{
  "requires": true,
  "lockfileVersion": 1,
  "dependencies": {
    "piexifjs": {
      "version": "1.0.4",
      "resolved": "http://registry.npmjs.org/piexifjs/-/piexifjs-1.0.4.tgz",
      "integrity": "sha512-va6FOuTVWC2bbiC4WiKus8scuAWoqgM4XwnmtttKe3YkwakyqTvsYMyctkTZv9Ra/uK7EdjTlyIA2U8rSDuwOw=="
    }
  }
}
